{
  "name": "widok-fade-queue",
  "version": "1.0.0",
  "lockfileVersion": 1,
  "requires": true,
  "dependencies": {
    "cash-dom": {
      "version": "8.1.0",
      "resolved": "https://registry.npmjs.org/cash-dom/-/cash-dom-8.1.0.tgz",
      "integrity": "sha512-QTa50rFuPaX8klEDEbwLr+jVutwpvZEBQ0NpMMyng+je7gNe9Bz/JsOLHIG24tvNSSSIN/Q1QD0bnF6PQzWKHA=="
    },
    "widok-throttle": {
      "version": "github:weterynarzfred/widok-throttle#b5101952e8d44fa274847809175fade7350a9769",
      "from": "github:weterynarzfred/widok-throttle"
    }
  }
}
